// !$*UTF8*$!
{
	archiveVersion = 1;
	classes = {
	};
	objectVersion = 50;
	objects = {

/* Begin PBXBuildFile section */
		435971EE260D5EEA00CB2849 /* QuoteDetailView.swift in Sources */ = {isa = PBXBuildFile; fileRef = 435971ED260D5EEA00CB2849 /* QuoteDetailView.swift */; };
		43BD1A68260D4EFC000EF772 /* QuotesApp.swift in Sources */ = {isa = PBXBuildFile; fileRef = 43BD1A67260D4EFC000EF772 /* QuotesApp.swift */; };
		43BD1A6A260D4EFC000EF772 /* ContentView.swift in Sources */ = {isa = PBXBuildFile; fileRef = 43BD1A69260D4EFC000EF772 /* ContentView.swift */; };
		43BD1A6C260D4EFD000EF772 /* Assets.xcassets in Resources */ = {isa = PBXBuildFile; fileRef = 43BD1A6B260D4EFD000EF772 /* Assets.xcassets */; };
		43BD1A6F260D4EFD000EF772 /* Preview Assets.xcassets in Resources */ = {isa = PBXBuildFile; fileRef = 43BD1A6E260D4EFD000EF772 /* Preview Assets.xcassets */; };
		43BD1A7D260D5003000EF772 /* quotes.json in Resources */ = {isa = PBXBuildFile; fileRef = 43BD1A7C260D5003000EF772 /* quotes.json */; };
		43BD1A80260D5745000EF772 /* DataService.swift in Sources */ = {isa = PBXBuildFile; fileRef = 43BD1A7F260D5745000EF772 /* DataService.swift */; };
		43BD1A84260D5795000EF772 /* Quote.swift in Sources */ = {isa = PBXBuildFile; fileRef = 43BD1A83260D5795000EF772 /* Quote.swift */; };
		43BD1A87260D5A23000EF772 /* QuoteModel.swift in Sources */ = {isa = PBXBuildFile; fileRef = 43BD1A86260D5A23000EF772 /* QuoteModel.swift */; };
		43EAC2FE260E1FD800DF74BB /* Card.swift in Sources */ = {isa = PBXBuildFile; fileRef = 43EAC2FD260E1FD800DF74BB /* Card.swift */; };
/* End PBXBuildFile section */

/* Begin PBXFileReference section */
		435971ED260D5EEA00CB2849 /* QuoteDetailView.swift */ = {isa = PBXFileReference; lastKnownFileType = sourcecode.swift; path = QuoteDetailView.swift; sourceTree = "<group>"; };
		43BD1A64260D4EFC000EF772 /* Quotes.app */ = {isa = PBXFileReference; explicitFileType = wrapper.application; includeInIndex = 0; path = Quotes.app; sourceTree = BUILT_PRODUCTS_DIR; };
		43BD1A67260D4EFC000EF772 /* QuotesApp.swift */ = {isa = PBXFileReference; lastKnownFileType = sourcecode.swift; path = QuotesApp.swift; sourceTree = "<group>"; };
		43BD1A69260D4EFC000EF772 /* ContentView.swift */ = {isa = PBXFileReference; lastKnownFileType = sourcecode.swift; path = ContentView.swift; sourceTree = "<group>"; };
		43BD1A6B260D4EFD000EF772 /* Assets.xcassets */ = {isa = PBXFileReference; lastKnownFileType = folder.assetcatalog; path = Assets.xcassets; sourceTree = "<group>"; };
		43BD1A6E260D4EFD000EF772 /* Preview Assets.xcassets */ = {isa = PBXFileReference; lastKnownFileType = folder.assetcatalog; path = "Preview Assets.xcassets"; sourceTree = "<group>"; };
		43BD1A70260D4EFD000EF772 /* Info.plist */ = {isa = PBXFileReference; lastKnownFileType = text.plist.xml; path = Info.plist; sourceTree = "<group>"; };
		43BD1A7C260D5003000EF772 /* quotes.json */ = {isa = PBXFileReference; lastKnownFileType = text.json; path = quotes.json; sourceTree = "<group>"; };
		43BD1A7F260D5745000EF772 /* DataService.swift */ = {isa = PBXFileReference; lastKnownFileType = sourcecode.swift; path = DataService.swift; sourceTree = "<group>"; };
		43BD1A83260D5795000EF772 /* Quote.swift */ = {isa = PBXFileReference; lastKnownFileType = sourcecode.swift; path = Quote.swift; sourceTree = "<group>"; };
		43BD1A86260D5A23000EF772 /* QuoteModel.swift */ = {isa = PBXFileReference; lastKnownFileType = sourcecode.swift; path = QuoteModel.swift; sourceTree = "<group>"; };
		43EAC2FD260E1FD800DF74BB /* Card.swift */ = {isa = PBXFileReference; lastKnownFileType = sourcecode.swift; path = Card.swift; sourceTree = "<group>"; };
/* End PBXFileReference section */

/* Begin PBXFrameworksBuildPhase section */
		43BD1A61260D4EFC000EF772 /* Frameworks */ = {
			isa = PBXFrameworksBuildPhase;
			buildActionMask = 2147483647;
			files = (
			);
			runOnlyForDeploymentPostprocessing = 0;
		};
/* End PBXFrameworksBuildPhase section */

/* Begin PBXGroup section */
		43BD1A5B260D4EFC000EF772 = {
			isa = PBXGroup;
			children = (
				43BD1A66260D4EFC000EF772 /* Quotes */,
				43BD1A65260D4EFC000EF772 /* Products */,
			);
			sourceTree = "<group>";
		};
		43BD1A65260D4EFC000EF772 /* Products */ = {
			isa = PBXGroup;
			children = (
				43BD1A64260D4EFC000EF772 /* Quotes.app */,
			);
			name = Products;
			sourceTree = "<group>";
		};
		43BD1A66260D4EFC000EF772 /* Quotes */ = {
			isa = PBXGroup;
			children = (
				43BD1A7B260D4F23000EF772 /* Views */,
				43BD1A7A260D4F19000EF772 /* ViewModels */,
				43BD1A78260D4F0C000EF772 /* Models */,
				43BD1A79260D4F14000EF772 /* Services */,
				43BD1A77260D4F03000EF772 /* Data */,
				43BD1A67260D4EFC000EF772 /* QuotesApp.swift */,
				43BD1A6B260D4EFD000EF772 /* Assets.xcassets */,
				43BD1A70260D4EFD000EF772 /* Info.plist */,
				43BD1A6D260D4EFD000EF772 /* Preview Content */,
			);
			path = Quotes;
			sourceTree = "<group>";
		};
		43BD1A6D260D4EFD000EF772 /* Preview Content */ = {
			isa = PBXGroup;
			children = (
				43BD1A6E260D4EFD000EF772 /* Preview Assets.xcassets */,
			);
			path = "Preview Content";
			sourceTree = "<group>";
		};
		43BD1A77260D4F03000EF772 /* Data */ = {
			isa = PBXGroup;
			children = (
				43BD1A7C260D5003000EF772 /* quotes.json */,
			);
			path = Data;
			sourceTree = "<group>";
		};
		43BD1A78260D4F0C000EF772 /* Models */ = {
			isa = PBXGroup;
			children = (
				43BD1A83260D5795000EF772 /* Quote.swift */,
			);
			path = Models;
			sourceTree = "<group>";
		};
		43BD1A79260D4F14000EF772 /* Services */ = {
			isa = PBXGroup;
			children = (
				43BD1A7F260D5745000EF772 /* DataService.swift */,
			);
			path = Services;
			sourceTree = "<group>";
		};
		43BD1A7A260D4F19000EF772 /* ViewModels */ = {
			isa = PBXGroup;
			children = (
				43BD1A86260D5A23000EF772 /* QuoteModel.swift */,
			);
			path = ViewModels;
			sourceTree = "<group>";
		};
		43BD1A7B260D4F23000EF772 /* Views */ = {
			isa = PBXGroup;
			children = (
				43BD1A69260D4EFC000EF772 /* ContentView.swift */,
				435971ED260D5EEA00CB2849 /* QuoteDetailView.swift */,
				43EAC2FD260E1FD800DF74BB /* Card.swift */,
			);
			path = Views;
			sourceTree = "<group>";
		};
/* End PBXGroup section */

/* Begin PBXNativeTarget section */
		43BD1A63260D4EFC000EF772 /* Quotes */ = {
			isa = PBXNativeTarget;
			buildConfigurationList = 43BD1A73260D4EFD000EF772 /* Build configuration list for PBXNativeTarget "Quotes" */;
			buildPhases = (
				43BD1A60260D4EFC000EF772 /* Sources */,
				43BD1A61260D4EFC000EF772 /* Frameworks */,
				43BD1A62260D4EFC000EF772 /* Resources */,
			);
			buildRules = (
			);
			dependencies = (
			);
			name = Quotes;
			productName = "Funny Quotes";
			productReference = 43BD1A64260D4EFC000EF772 /* Quotes.app */;
			productType = "com.apple.product-type.application";
		};
/* End PBXNativeTarget section */

/* Begin PBXProject section */
		43BD1A5C260D4EFC000EF772 /* Project object */ = {
			isa = PBXProject;
			attributes = {
				LastSwiftUpdateCheck = 1240;
				LastUpgradeCheck = 1240;
				TargetAttributes = {
					43BD1A63260D4EFC000EF772 = {
						CreatedOnToolsVersion = 12.4;
					};
				};
			};
			buildConfigurationList = 43BD1A5F260D4EFC000EF772 /* Build configuration list for PBXProject "Quotes" */;
			compatibilityVersion = "Xcode 9.3";
			developmentRegion = en;
			hasScannedForEncodings = 0;
			knownRegions = (
				en,
				Base,
			);
			mainGroup = 43BD1A5B260D4EFC000EF772;
			productRefGroup = 43BD1A65260D4EFC000EF772 /* Products */;
			projectDirPath = "";
			projectRoot = "";
			targets = (
				43BD1A63260D4EFC000EF772 /* Quotes */,
			);
		};
/* End PBXProject section */

/* Begin PBXResourcesBuildPhase section */
		43BD1A62260D4EFC000EF772 /* Resources */ = {
			isa = PBXResourcesBuildPhase;
			buildActionMask = 2147483647;
			files = (
				43BD1A6F260D4EFD000EF772 /* Preview Assets.xcassets in Resources */,
				43BD1A6C260D4EFD000EF772 /* Assets.xcassets in Resources */,
				43BD1A7D260D5003000EF772 /* quotes.json in Resources */,
			);
			runOnlyForDeploymentPostprocessing = 0;
		};
/* End PBXResourcesBuildPhase section */

/* Begin PBXSourcesBuildPhase section */
		43BD1A60260D4EFC000EF772 /* Sources */ = {
			isa = PBXSourcesBuildPhase;
			buildActionMask = 2147483647;
			files = (
				435971EE260D5EEA00CB2849 /* QuoteDetailView.swift in Sources */,
				43BD1A87260D5A23000EF772 /* QuoteModel.swift in Sources */,
				43EAC2FE260E1FD800DF74BB /* Card.swift in Sources */,
				43BD1A84260D5795000EF772 /* Quote.swift in Sources */,
				43BD1A80260D5745000EF772 /* DataService.swift in Sources */,
				43BD1A6A260D4EFC000EF772 /* ContentView.swift in Sources */,
				43BD1A68260D4EFC000EF772 /* QuotesApp.swift in Sources */,
			);
			runOnlyForDeploymentPostprocessing = 0;
		};
/* End PBXSourcesBuildPhase section */

/* Begin XCBuildConfiguration section */
		43BD1A71260D4EFD000EF772 /* Debug */ = {
			isa = XCBuildConfiguration;
			buildSettings = {
				ALWAYS_SEARCH_USER_PATHS = NO;
				CLANG_ANALYZER_NONNULL = YES;
				CLANG_ANALYZER_NUMBER_OBJECT_CONVERSION = YES_AGGRESSIVE;
				CLANG_CXX_LANGUAGE_STANDARD = "gnu++14";
				CLANG_CXX_LIBRARY = "libc++";
				CLANG_ENABLE_MODULES = YES;
				CLANG_ENABLE_OBJC_ARC = YES;
				CLANG_ENABLE_OBJC_WEAK = YES;
				CLANG_WARN_BLOCK_CAPTURE_AUTORELEASING = YES;
				CLANG_WARN_BOOL_CONVERSION = YES;
				CLANG_WARN_COMMA = YES;
				CLANG_WARN_CONSTANT_CONVERSION = YES;
				CLANG_WARN_DEPRECATED_OBJC_IMPLEMENTATIONS = YES;
				CLANG_WARN_DIRECT_OBJC_ISA_USAGE = YES_ERROR;
				CLANG_WARN_DOCUMENTATION_COMMENTS = YES;
				CLANG_WARN_EMPTY_BODY = YES;
				CLANG_WARN_ENUM_CONVERSION = YES;
				CLANG_WARN_INFINITE_RECURSION = YES;
				CLANG_WARN_INT_CONVERSION = YES;
				CLANG_WARN_NON_LITERAL_NULL_CONVERSION = YES;
				CLANG_WARN_OBJC_IMPLICIT_RETAIN_SELF = YES;
				CLANG_WARN_OBJC_LITERAL_CONVERSION = YES;
				CLANG_WARN_OBJC_ROOT_CLASS = YES_ERROR;
				CLANG_WARN_QUOTED_INCLUDE_IN_FRAMEWORK_HEADER = YES;
				CLANG_WARN_RANGE_LOOP_ANALYSIS = YES;
				CLANG_WARN_STRICT_PROTOTYPES = YES;
				CLANG_WARN_SUSPICIOUS_MOVE = YES;
				CLANG_WARN_UNGUARDED_AVAILABILITY = YES_AGGRESSIVE;
				CLANG_WARN_UNREACHABLE_CODE = YES;
				CLANG_WARN__DUPLICATE_METHOD_MATCH = YES;
				COPY_PHASE_STRIP = NO;
				DEBUG_INFORMATION_FORMAT = dwarf;
				ENABLE_STRICT_OBJC_MSGSEND = YES;
				ENABLE_TESTABILITY = YES;
				GCC_C_LANGUAGE_STANDARD = gnu11;
				GCC_DYNAMIC_NO_PIC = NO;
				GCC_NO_COMMON_BLOCKS = YES;
				GCC_OPTIMIZATION_LEVEL = 0;
				GCC_PREPROCESSOR_DEFINITIONS = (
					"DEBUG=1",
					"$(inherited)",
				);
				GCC_WARN_64_TO_32_BIT_CONVERSION = YES;
				GCC_WARN_ABOUT_RETURN_TYPE = YES_ERROR;
				GCC_WARN_UNDECLARED_SELECTOR = YES;
				GCC_WARN_UNINITIALIZED_AUTOS = YES_AGGRESSIVE;
				GCC_WARN_UNUSED_FUNCTION = YES;
				GCC_WARN_UNUSED_VARIABLE = YES;
				IPHONEOS_DEPLOYMENT_TARGET = 14.4;
				MTL_ENABLE_DEBUG_INFO = INCLUDE_SOURCE;
				MTL_FAST_MATH = YES;
				ONLY_ACTIVE_ARCH = YES;
				SDKROOT = iphoneos;
				SWIFT_ACTIVE_COMPILATION_CONDITIONS = DEBUG;
				SWIFT_OPTIMIZATION_LEVEL = "-Onone";
			};
			name = Debug;
		};
		43BD1A72260D4EFD000EF772 /* Release */ = {
			isa = XCBuildConfiguration;
			buildSettings = {
				ALWAYS_SEARCH_USER_PATHS = NO;
				CLANG_ANALYZER_NONNULL = YES;
				CLANG_ANALYZER_NUMBER_OBJECT_CONVERSION = YES_AGGRESSIVE;
				CLANG_CXX_LANGUAGE_STANDARD = "gnu++14";
				CLANG_CXX_LIBRARY = "libc++";
				CLANG_ENABLE_MODULES = YES;
				CLANG_ENABLE_OBJC_ARC = YES;
				CLANG_ENABLE_OBJC_WEAK = YES;
				CLANG_WARN_BLOCK_CAPTURE_AUTORELEASING = YES;
				CLANG_WARN_BOOL_CONVERSION = YES;
				CLANG_WARN_COMMA = YES;
				CLANG_WARN_CONSTANT_CONVERSION = YES;
				CLANG_WARN_DEPRECATED_OBJC_IMPLEMENTATIONS = YES;
				CLANG_WARN_DIRECT_OBJC_ISA_USAGE = YES_ERROR;
				CLANG_WARN_DOCUMENTATION_COMMENTS = YES;
				CLANG_WARN_EMPTY_BODY = YES;
				CLANG_WARN_ENUM_CONVERSION = YES;
				CLANG_WARN_INFINITE_RECURSION = YES;
				CLANG_WARN_INT_CONVERSION = YES;
				CLANG_WARN_NON_LITERAL_NULL_CONVERSION = YES;
				CLANG_WARN_OBJC_IMPLICIT_RETAIN_SELF = YES;
				CLANG_WARN_OBJC_LITERAL_CONVERSION = YES;
				CLANG_WARN_OBJC_ROOT_CLASS = YES_ERROR;
				CLANG_WARN_QUOTED_INCLUDE_IN_FRAMEWORK_HEADER = YES;
				CLANG_WARN_RANGE_LOOP_ANALYSIS = YES;
				CLANG_WARN_STRICT_PROTOTYPES = YES;
				CLANG_WARN_SUSPICIOUS_MOVE = YES;
				CLANG_WARN_UNGUARDED_AVAILABILITY = YES_AGGRESSIVE;
				CLANG_WARN_UNREACHABLE_CODE = YES;
				CLANG_WARN__DUPLICATE_METHOD_MATCH = YES;
				COPY_PHASE_STRIP = NO;
				DEBUG_INFORMATION_FORMAT = "dwarf-with-dsym";
				ENABLE_NS_ASSERTIONS = NO;
				ENABLE_STRICT_OBJC_MSGSEND = YES;
				GCC_C_LANGUAGE_STANDARD = gnu11;
				GCC_NO_COMMON_BLOCKS = YES;
				GCC_WARN_64_TO_32_BIT_CONVERSION = YES;
				GCC_WARN_ABOUT_RETURN_TYPE = YES_ERROR;
				GCC_WARN_UNDECLARED_SELECTOR = YES;
				GCC_WARN_UNINITIALIZED_AUTOS = YES_AGGRESSIVE;
				GCC_WARN_UNUSED_FUNCTION = YES;
				GCC_WARN_UNUSED_VARIABLE = YES;
				IPHONEOS_DEPLOYMENT_TARGET = 14.4;
				MTL_ENABLE_DEBUG_INFO = NO;
				MTL_FAST_MATH = YES;
				SDKROOT = iphoneos;
				SWIFT_COMPILATION_MODE = wholemodule;
				SWIFT_OPTIMIZATION_LEVEL = "-O";
				VALIDATE_PRODUCT = YES;
			};
			name = Release;
		};
		43BD1A74260D4EFD000EF772 /* Debug */ = {
			isa = XCBuildConfiguration;
			buildSettings = {
				ASSETCATALOG_COMPILER_APPICON_NAME = AppIcon;
				ASSETCATALOG_COMPILER_GLOBAL_ACCENT_COLOR_NAME = AccentColor;
				CODE_SIGN_STYLE = Automatic;
				DEVELOPMENT_ASSET_PATHS = "\"Quotes/Preview Content\"";
				DEVELOPMENT_TEAM = 36LM6B48H3;
				ENABLE_PREVIEWS = YES;
				INFOPLIST_FILE = Quotes/Info.plist;
				IPHONEOS_DEPLOYMENT_TARGET = 14.0;
				LD_RUNPATH_SEARCH_PATHS = (
					"$(inherited)",
					"@executable_path/Frameworks",
				);
				PRODUCT_BUNDLE_IDENTIFIER = com.professionalpillsbury.Quotes;
				PRODUCT_NAME = "$(TARGET_NAME)";
				SWIFT_VERSION = 5.0;
				TARGETED_DEVICE_FAMILY = "1,2";
			};
			name = Debug;
		};
		43BD1A75260D4EFD000EF772 /* Release */ = {
			isa = XCBuildConfiguration;
			buildSettings = {
				ASSETCATALOG_COMPILER_APPICON_NAME = AppIcon;
				ASSETCATALOG_COMPILER_GLOBAL_ACCENT_COLOR_NAME = AccentColor;
				CODE_SIGN_STYLE = Automatic;
				DEVELOPMENT_ASSET_PATHS = "\"Quotes/Preview Content\"";
				DEVELOPMENT_TEAM = 36LM6B48H3;
				ENABLE_PREVIEWS = YES;
				INFOPLIST_FILE = Quotes/Info.plist;
				IPHONEOS_DEPLOYMENT_TARGET = 14.0;
				LD_RUNPATH_SEARCH_PATHS = (
					"$(inherited)",
					"@executable_path/Frameworks",
				);
				PRODUCT_BUNDLE_IDENTIFIER = com.professionalpillsbury.Quotes;
				PRODUCT_NAME = "$(TARGET_NAME)";
				SWIFT_VERSION = 5.0;
				TARGETED_DEVICE_FAMILY = "1,2";
			};
			name = Release;
		};
/* End XCBuildConfiguration section */

/* Begin XCConfigurationList section */
		43BD1A5F260D4EFC000EF772 /* Build configuration list for PBXProject "Quotes" */ = {
			isa = XCConfigurationList;
			buildConfigurations = (
				43BD1A71260D4EFD000EF772 /* Debug */,
				43BD1A72260D4EFD000EF772 /* Release */,
			);
			defaultConfigurationIsVisible = 0;
			defaultConfigurationName = Release;
		};
		43BD1A73260D4EFD000EF772 /* Build configuration list for PBXNativeTarget "Quotes" */ = {
			isa = XCConfigurationList;
			buildConfigurations = (
				43BD1A74260D4EFD000EF772 /* Debug */,
				43BD1A75260D4EFD000EF772 /* Release */,
			);
			defaultConfigurationIsVisible = 0;
			defaultConfigurationName = Release;
		};
/* End XCConfigurationList section */
	};
	rootObject = 43BD1A5C260D4EFC000EF772 /* Project object */;
}
